{
  "name": "forge-starter",
  "version": "1.0.0",
  "lockfileVersion": 3,
  "requires": true,
  "packages": {
    "": {
      "name": "forge-starter",
      "version": "1.0.0",
      "license": "MIT",
      "dependencies": {
        "@thirdweb-dev/contracts": "^3"
      }
    },
    "node_modules/@thirdweb-dev/contracts": {
      "version": "3.4.4",
      "resolved": "https://registry.npmjs.org/@thirdweb-dev/contracts/-/contracts-3.4.4.tgz",
      "integrity": "sha512-XBLXN0n/VnORAXzlVgYLJs6rUlLcV9GSRXOLBbsUlTbprQ8y1Ggh0TvPdfsxrf/ZMgTccfzN8o8toabKXNlKhg=="
    }
  }
}
