{
  "name": "forge-starter",
  "version": "1.0.0",
  "lockfileVersion": 3,
  "requires": true,
  "packages": {
    "": {
      "name": "forge-starter",
      "version": "1.0.0",
      "license": "MIT",
      "dependencies": {
        "@thirdweb-dev/contracts": "3.4.5-3"
      }
    },
    "node_modules/@thirdweb-dev/contracts": {
      "version": "3.4.5-3",
      "resolved": "https://registry.npmjs.org/@thirdweb-dev/contracts/-/contracts-3.4.5-3.tgz",
      "integrity": "sha512-hP4azmmo+hQO640FECITfkvKBp5ufV7IOTrCPzp8P8E+iz4DxAPRpDL2z0kTIbpBsZIKnX8MthNMWjqm6u8YRA=="
    }
  }
}
